<?xml version="1.0" encoding="UTF-8" standalone="yes" ?>
<CodeBlocks_project_file>
	<FileVersion major="1" minor="6" />
	<Project>
		<Option title="CarsLinux" />
		<Option pch_mode="2" />
		<Option compiler="gcc" />
		<Build>
			<Target title="Debug">
				<Option output="bin/Debug/CarsLinux" prefix_auto="1" extension_auto="1" />
				<Option object_output="obj/Debug/" />
				<Option type="1" />
				<Option compiler="gcc" />
				<Compiler>
					<Add option="-g" />
				</Compiler>
			</Target>
			<Target title="Release">
				<Option output="bin/Release/CarsLinux" prefix_auto="1" extension_auto="1" />
				<Option object_output="obj/Release/" />
				<Option type="1" />
				<Option compiler="gcc" />
				<Compiler>
					<Add option="-O2" />
				</Compiler>
				<Linker>
					<Add option="-s" />
				</Linker>
			</Target>
		</Build>
		<Compiler>
			<Add option="-Wall" />
			<Add option="-fPIC" />
			<Add option="-fexceptions" />
			<Add directory="../../../../../../usr/include" />
			<Add directory="../../../../../../usr/include/qt5" />
		</Compiler>
		<Linker>
			<Add library="../../../../../../usr/lib/x86_64-linux-gnu/libGL.so" />
			<Add library="../../../../../../usr/lib/x86_64-linux-gnu/libGLU.so" />
			<Add library="../../../../../../usr/lib/x86_64-linux-gnu/libopenal.so" />
			<Add library="../../../../../../usr/lib/x86_64-linux-gnu/libalut.so" />
			<Add library="../../../../../../usr/lib/x86_64-linux-gnu/libQt5Core.so" />
			<Add library="../../../../../../usr/lib/x86_64-linux-gnu/libQt5Gui.so" />
			<Add library="../../../../../../usr/lib/x86_64-linux-gnu/libQt5Widgets.so" />
		</Linker>
		<Unit filename="../Gamedev/Demo2/Demo2/Game.cpp" />
		<Unit filename="../Gamedev/Demo2/Demo2/Game.h" />
		<Unit filename="../Gamedev/Demo2/Demo2/Logic.cpp" />
		<Unit filename="../Gamedev/Demo2/Demo2/Logic.h" />
		<Unit filename="../Gamedev/Demo2/Demo2/MyWidget.cpp" />
		<Unit filename="../Gamedev/Demo2/Demo2/MyWidget.h" />
		<Unit filename="../Gamedev/Demo2/Demo2/Scene1.cpp" />
		<Unit filename="../Gamedev/Demo2/Demo2/Scene1.h" />
		<Unit filename="../Gamedev/Demo2/Demo2/Sound.cpp" />
		<Unit filename="../Gamedev/Demo2/Demo2/Sound.h" />
		<Unit filename="../Gamedev/Demo2/Demo2/main.cpp" />
		<Extensions />
	</Project>
</CodeBlocks_project_file>
