<?xml version="1.0" encoding="UTF-8" standalone="yes" ?>
<CodeBlocks_project_file>
	<FileVersion major="1" minor="6" />
	<Project>
		<Option title="game3" />
		<Option pch_mode="2" />
		<Option compiler="gcc" />
		<Build>
			<Target title="Debug">
				<Option output="bin/Debug/game3" prefix_auto="1" extension_auto="1" />
				<Option object_output="obj/Debug/" />
				<Option type="1" />
				<Option compiler="gcc" />
				<Compiler>
					<Add option="-g" />
				</Compiler>
			</Target>
			<Target title="Release">
				<Option output="bin/Release/game3" prefix_auto="1" extension_auto="1" />
				<Option object_output="obj/Release/" />
				<Option type="1" />
				<Option compiler="gcc" />
				<Compiler>
					<Add option="-O2" />
				</Compiler>
				<Linker>
					<Add option="-s" />
				</Linker>
			</Target>
		</Build>
		<Compiler>
			<Add option="-Wall" />
			<Add option="-fexceptions" />
			<Add directory="/usr/include/SDL2" />
			<Add directory="../../game3" />
			<Add directory="../game/game" />
		</Compiler>
		<Linker>
			<Add library="../../../../../../usr/lib/x86_64-linux-gnu/libGL.so" />
			<Add library="../../../../../../usr/lib/x86_64-linux-gnu/libSDL2.so" />
			<Add library="../../../../../../usr/lib/x86_64-linux-gnu/libGLU.so" />
			<Add library="../../../../../../usr/lib/x86_64-linux-gnu/libIL.so" />
			<Add library="../../../../../../usr/lib/x86_64-linux-gnu/libILU.so" />
			<Add library="../../../../../../usr/lib/x86_64-linux-gnu/libopenal.so" />
		</Linker>
		<Unit filename="../game/game/Logic.cpp" />
		<Unit filename="../game/game/Logic.h" />
		<Unit filename="../game/game/Project.h" />
		<Unit filename="../game/game/config.conf" />
		<Unit filename="../game/game/game.vcxproj" />
		<Unit filename="../game/game/game.vcxproj.filters" />
		<Unit filename="../game/game/main.cpp" />
		<Unit filename="../research_very_goodZZZ/Coor.cpp" />
		<Unit filename="../research_very_goodZZZ/Coor.h" />
		<Unit filename="../research_very_goodZZZ/Drum.cpp" />
		<Unit filename="../research_very_goodZZZ/Drum.h" />
		<Unit filename="../research_very_goodZZZ/FileReader.cpp" />
		<Unit filename="../research_very_goodZZZ/FileReader.h" />
		<Unit filename="../research_very_goodZZZ/Game.cpp" />
		<Unit filename="../research_very_goodZZZ/Game.h" />
		<Unit filename="../research_very_goodZZZ/Math.cpp" />
		<Unit filename="../research_very_goodZZZ/Math.h" />
		<Unit filename="../research_very_goodZZZ/Scene.cpp" />
		<Unit filename="../research_very_goodZZZ/Scene.h" />
		<Unit filename="../research_very_goodZZZ/Scene2.cpp" />
		<Unit filename="../research_very_goodZZZ/Scene2.h" />
		<Unit filename="../research_very_goodZZZ/Snd.cpp" />
		<Unit filename="../research_very_goodZZZ/Snd.h" />
		<Unit filename="../research_very_goodZZZ/Vector3.cpp" />
		<Unit filename="../research_very_goodZZZ/Vector3.h" />
		<Unit filename="../research_very_goodZZZ/keyboard_.cpp" />
		<Unit filename="../research_very_goodZZZ/keyboard_.h" />
		<Unit filename="../research_very_goodZZZ/typedefs.h" />
		<Extensions>
			<code_completion />
			<debugger />
		</Extensions>
	</Project>
</CodeBlocks_project_file>
